
Microsoft Visual Studio Solution File, Format Version 12.00
# Visual Studio Version 17
VisualStudioVersion = 17.14.36408.4 d17.14
MinimumVisualStudioVersion = 10.0.40219.1
Project("{FAE04EC0-301F-11D3-BF4B-00C04F79EFBC}") = "ExamTopicCrawler", "ExamTopicCrawler\ExamTopicCrawler.csproj", "{7FFAE0FE-F2DE-4F44-8C62-59E55FF42B6A}"
EndProject
Global
	GlobalSection(SolutionConfigurationPlatforms) = preSolution
		Debug|Any CPU = Debug|Any CPU
		Release|Any CPU = Release|Any CPU
	EndGlobalSection
	GlobalSection(ProjectConfigurationPlatforms) = postSolution
		{7FFAE0FE-F2DE-4F44-8C62-59E55FF42B6A}.Debug|Any CPU.ActiveCfg = Debug|Any CPU
		{7FFAE0FE-F2DE-4F44-8C62-59E55FF42B6A}.Debug|Any CPU.Build.0 = Debug|Any CPU
		{7FFAE0FE-F2DE-4F44-8C62-59E55FF42B6A}.Release|Any CPU.ActiveCfg = Release|Any CPU
		{7FFAE0FE-F2DE-4F44-8C62-59E55FF42B6A}.Release|Any CPU.Build.0 = Release|Any CPU
	EndGlobalSection
	GlobalSection(SolutionProperties) = preSolution
		HideSolutionNode = FALSE
	EndGlobalSection
	GlobalSection(ExtensibilityGlobals) = postSolution
		SolutionGuid = {C437F95F-DC0B-465D-9A9D-24F872B94747}
	EndGlobalSection
EndGlobal
